
Microsoft Visual Studio Solution File, Format Version 12.00
# Visual Studio Version 16
VisualStudioVersion = 16.0.32630.194
MinimumVisualStudioVersion = 10.0.40219.1
Project("{FAE04EC0-301F-11D3-BF4B-00C04F79EFBC}") = "Xadrez", "Xadrez\Xadrez.csproj", "{59EAE9A0-EBD3-4F7B-93C2-AFF4D7E15AB2}"
EndProject
Global
	GlobalSection(SolutionConfigurationPlatforms) = preSolution
		Debug|Any CPU = Debug|Any CPU
		Release|Any CPU = Release|Any CPU
	EndGlobalSection
	GlobalSection(ProjectConfigurationPlatforms) = postSolution
		{59EAE9A0-EBD3-4F7B-93C2-AFF4D7E15AB2}.Debug|Any CPU.ActiveCfg = Debug|Any CPU
		{59EAE9A0-EBD3-4F7B-93C2-AFF4D7E15AB2}.Debug|Any CPU.Build.0 = Debug|Any CPU
		{59EAE9A0-EBD3-4F7B-93C2-AFF4D7E15AB2}.Release|Any CPU.ActiveCfg = Release|Any CPU
		{59EAE9A0-EBD3-4F7B-93C2-AFF4D7E15AB2}.Release|Any CPU.Build.0 = Release|Any CPU
	EndGlobalSection
	GlobalSection(SolutionProperties) = preSolution
		HideSolutionNode = FALSE
	EndGlobalSection
	GlobalSection(ExtensibilityGlobals) = postSolution
		SolutionGuid = {88D5DB9B-F8D9-4B2B-9522-37A356684B85}
	EndGlobalSection
EndGlobal
